<?xml version="1.0" encoding="utf-8"?>
<Project ToolsVersion="4.0" xmlns="http://schemas.microsoft.com/developer/msbuild/2003">
  <ItemGroup>
    <ClCompile Include="..\..\thirdparty\imgui\imgui.cpp">
      <Filter>imgui</Filter>
    </ClCompile>
    <ClCompile Include="..\..\thirdparty\imgui\imgui_demo.cpp">
      <Filter>imgui</Filter>
    </ClCompile>
    <ClCompile Include="..\..\thirdparty\imgui\imgui_draw.cpp">
      <Filter>imgui</Filter>
    </ClCompile>
    <ClCompile Include="..\..\thirdparty\imgui\imgui_widgets.cpp">
      <Filter>imgui</Filter>
    </ClCompile>
    <ClCompile Include="..\src\fonts.cpp">
      <Filter>Source Files</Filter>
    </ClCompile>
    <ClCompile Include="..\src\imgui_core.cpp">
      <Filter>Source Files</Filter>
    </ClCompile>
    <ClCompile Include="..\src\imgui_themes.cpp">
      <Filter>Source Files</Filter>
    </ClCompile>
    <ClCompile Include="..\src\imgui_utils.cpp">
      <Filter>Source Files</Filter>
    </ClCompile>
    <ClCompile Include="..\src\ui_message_box.cpp">
      <Filter>Source Files</Filter>
    </ClCompile>
    <ClCompile Include="..\src\mc_imgui_json_generated.c">
      <Filter>Source Files</Filter>
    </ClCompile>
    <ClCompile Include="..\src\mc_imgui_structs_generated.c">
      <Filter>Source Files</Filter>
    </ClCompile>
    <ClCompile Include="..\src\imgui_image.cpp">
      <Filter>Source Files</Filter>
    </ClCompile>
    <ClCompile Include="..\src\imgui_input_text.cpp">
      <Filter>Source Files</Filter>
    </ClCompile>
    <ClCompile Include="..\src\app_update.c">
      <Filter>Source Files</Filter>
    </ClCompile>
    <ClCompile Include="..\src\imgui_core_freetype.c">
      <Filter>Source Files</Filter>
    </ClCompile>
    <ClCompile Include="..\..\thirdparty\imgui\backends\imgui_impl_dx9.cpp" />
    <ClCompile Include="..\..\thirdparty\imgui\backends\imgui_impl_win32.cpp" />
    <ClCompile Include="..\..\thirdparty\imgui\imgui_tables.cpp" />
  </ItemGroup>
  <ItemGroup>
    <ClInclude Include="..\..\thirdparty\imgui\imconfig.h">
      <Filter>imgui</Filter>
    </ClInclude>
    <ClInclude Include="..\..\thirdparty\imgui\imgui.h">
      <Filter>imgui</Filter>
    </ClInclude>
    <ClInclude Include="..\..\thirdparty\imgui\imgui_internal.h">
      <Filter>imgui</Filter>
    </ClInclude>
    <ClInclude Include="..\..\thirdparty\imgui\imstb_rectpack.h">
      <Filter>imgui</Filter>
    </ClInclude>
    <ClInclude Include="..\..\thirdparty\imgui\imstb_textedit.h">
      <Filter>imgui</Filter>
    </ClInclude>
    <ClInclude Include="..\..\thirdparty\imgui\imstb_truetype.h">
      <Filter>imgui</Filter>
    </ClInclude>
    <ClInclude Include="..\include\imgui_themes.h">
      <Filter>Header Files</Filter>
    </ClInclude>
    <ClInclude Include="..\include\imgui_utils.h">
      <Filter>Header Files</Filter>
    </ClInclude>
    <ClInclude Include="..\include\wrap_imgui.h">
      <Filter>Header Files</Filter>
    </ClInclude>
    <ClInclude Include="..\include\wrap_shellscalingapi.h">
      <Filter>Header Files</Filter>
    </ClInclude>
    <ClInclude Include="..\include\fonts.h">
      <Filter>Header Files</Filter>
    </ClInclude>
    <ClInclude Include="..\include\forkawesome-webfont.h">
      <Filter>Header Files</Filter>
    </ClInclude>
    <ClInclude Include="..\include\imgui_core.h">
      <Filter>Header Files</Filter>
    </ClInclude>
    <ClInclude Include="..\include\ui_message_box.h">
      <Filter>Header Files</Filter>
    </ClInclude>
    <ClInclude Include="..\include\mc_imgui_json_generated.h">
      <Filter>Header Files</Filter>
    </ClInclude>
    <ClInclude Include="..\include\mc_imgui_structs_generated.h">
      <Filter>Header Files</Filter>
    </ClInclude>
    <ClInclude Include="..\include\imgui_image.h">
      <Filter>Header Files</Filter>
    </ClInclude>
    <ClInclude Include="..\..\thirdparty\stb\stb_image.h">
      <Filter>stb</Filter>
    </ClInclude>
    <ClInclude Include="..\include\imgui_input_text.h">
      <Filter>Header Files</Filter>
    </ClInclude>
    <ClInclude Include="..\include\app_update.h">
      <Filter>Header Files</Filter>
    </ClInclude>
    <ClInclude Include="..\include\wrap_imgui_internal.h">
      <Filter>Header Files</Filter>
    </ClInclude>
    <ClInclude Include="..\include\imgui_core_freetype.h">
      <Filter>Header Files</Filter>
    </ClInclude>
    <ClInclude Include="..\..\thirdparty\imgui\backends\imgui_impl_dx9.h" />
    <ClInclude Include="..\..\thirdparty\imgui\backends\imgui_impl_win32.h" />
  </ItemGroup>
  <ItemGroup>
    <Filter Include="imgui">
      <UniqueIdentifier>{fa93e789-560a-4010-ae59-6b951a5069dd}</UniqueIdentifier>
    </Filter>
    <Filter Include="Source Files">
      <UniqueIdentifier>{b7d5e305-d5c4-4894-a646-25f77f718edd}</UniqueIdentifier>
    </Filter>
    <Filter Include="Header Files">
      <UniqueIdentifier>{f40bba29-2034-4ab8-8e19-e33a31fc7379}</UniqueIdentifier>
    </Filter>
    <Filter Include="stb">
      <UniqueIdentifier>{6edc091d-7611-4d46-8af1-307125a18c7c}</UniqueIdentifier>
    </Filter>
  </ItemGroup>
  <ItemGroup>
    <Natvis Include="..\..\thirdparty\imgui\misc\natvis\imgui.natvis">
      <Filter>imgui</Filter>
    </Natvis>
  </ItemGroup>
  <ItemGroup>
    <None Include="..\src\forkawesome-webfont.inc">
      <Filter>Source Files</Filter>
    </None>
    <None Include="..\mc_imgui_preproc.json" />
  </ItemGroup>
</Project>