
Microsoft Visual Studio Solution File, Format Version 12.00
# Visual Studio 15
VisualStudioVersion = 15.0.27130.2003
MinimumVisualStudioVersion = 10.0.40219.1
Project("{8BC9CEB8-8B4A-11D0-8D11-00A0C91BC942}") = "bb", "bb.vcxproj", "{71C1ADC0-7DA3-4878-A078-0E98DE5947E6}"
	ProjectSection(ProjectDependencies) = postProject
		{6A23A729-4708-4E3E-AFF1-AFBC5B0CA206} = {6A23A729-4708-4E3E-AFF1-AFBC5B0CA206}
		{66884295-0814-45D5-8187-0FF01A6C0333} = {66884295-0814-45D5-8187-0FF01A6C0333}
		{383FD59A-3CD9-4ECC-9395-6EE453A114FA} = {383FD59A-3CD9-4ECC-9395-6EE453A114FA}
	EndProjectSection
EndProject
Project("{8BC9CEB8-8B4A-11D0-8D11-00A0C91BC942}") = "bboxtolog", "bboxtolog.vcxproj", "{603ACC30-7EE5-41BD-B53C-555060B49804}"
	ProjectSection(ProjectDependencies) = postProject
		{766B8754-81EE-4880-91CE-5DEAF459205F} = {766B8754-81EE-4880-91CE-5DEAF459205F}
	EndProjectSection
EndProject
Project("{8BC9CEB8-8B4A-11D0-8D11-00A0C91BC942}") = "bbupdater", "bbupdater.vcxproj", "{13F6230A-C408-42B6-9F5E-55E44CFA754D}"
	ProjectSection(ProjectDependencies) = postProject
		{766B8754-81EE-4880-91CE-5DEAF459205F} = {766B8754-81EE-4880-91CE-5DEAF459205F}
		{383FD59A-3CD9-4ECC-9395-6EE453A114FA} = {383FD59A-3CD9-4ECC-9395-6EE453A114FA}
	EndProjectSection
EndProject
Project("{8BC9CEB8-8B4A-11D0-8D11-00A0C91BC942}") = "mc_imgui_lib", "..\submodules\mc_imgui\vs\mc_imgui_lib.vcxproj", "{66884295-0814-45D5-8187-0FF01A6C0333}"
	ProjectSection(ProjectDependencies) = postProject
		{383FD59A-3CD9-4ECC-9395-6EE453A114FA} = {383FD59A-3CD9-4ECC-9395-6EE453A114FA}
		{766B8754-81EE-4880-91CE-5DEAF459205F} = {766B8754-81EE-4880-91CE-5DEAF459205F}
	EndProjectSection
EndProject
Project("{8BC9CEB8-8B4A-11D0-8D11-00A0C91BC942}") = "mc_common_preproc", "..\submodules\mc_imgui\submodules\mc_common\vs\mc_common_preproc.vcxproj", "{766B8754-81EE-4880-91CE-5DEAF459205F}"
	ProjectSection(ProjectDependencies) = postProject
		{6A23A729-4708-4E3E-AFF1-AFBC5B0CA206} = {6A23A729-4708-4E3E-AFF1-AFBC5B0CA206}
	EndProjectSection
EndProject
Project("{8BC9CEB8-8B4A-11D0-8D11-00A0C91BC942}") = "bbclient_lib", "..\submodules\mc_imgui\submodules\mc_common\submodules\bbclient\vs\bbclient_lib.vcxproj", "{383FD59A-3CD9-4ECC-9395-6EE453A114FA}"
EndProject
Project("{8BC9CEB8-8B4A-11D0-8D11-00A0C91BC942}") = "mc_common_lib", "..\submodules\mc_imgui\submodules\mc_common\vs\mc_common_lib.vcxproj", "{6A23A729-4708-4E3E-AFF1-AFBC5B0CA206}"
	ProjectSection(ProjectDependencies) = postProject
		{383FD59A-3CD9-4ECC-9395-6EE453A114FA} = {383FD59A-3CD9-4ECC-9395-6EE453A114FA}
	EndProjectSection
EndProject
Project("{8BC9CEB8-8B4A-11D0-8D11-00A0C91BC942}") = "bbclient_example_wchar", "..\submodules\mc_imgui\submodules\mc_common\submodules\bbclient\vs\bbclient_example_wchar.vcxproj", "{CF7689D6-2341-43F3-89C0-EB59791675AB}"
EndProject
Project("{8BC9CEB8-8B4A-11D0-8D11-00A0C91BC942}") = "mc_imgui_example", "..\submodules\mc_imgui\vs\mc_imgui_example.vcxproj", "{3C7E2D15-F723-4C73-AF12-C87A066522EE}"
EndProject
Global
	GlobalSection(SolutionConfigurationPlatforms) = preSolution
		Debug|x64 = Debug|x64
		Release|x64 = Release|x64
	EndGlobalSection
	GlobalSection(ProjectConfigurationPlatforms) = postSolution
		{71C1ADC0-7DA3-4878-A078-0E98DE5947E6}.Debug|x64.ActiveCfg = Debug|x64
		{71C1ADC0-7DA3-4878-A078-0E98DE5947E6}.Debug|x64.Build.0 = Debug|x64
		{71C1ADC0-7DA3-4878-A078-0E98DE5947E6}.Release|x64.ActiveCfg = Release|x64
		{71C1ADC0-7DA3-4878-A078-0E98DE5947E6}.Release|x64.Build.0 = Release|x64
		{603ACC30-7EE5-41BD-B53C-555060B49804}.Debug|x64.ActiveCfg = Debug|x64
		{603ACC30-7EE5-41BD-B53C-555060B49804}.Debug|x64.Build.0 = Debug|x64
		{603ACC30-7EE5-41BD-B53C-555060B49804}.Release|x64.ActiveCfg = Release|x64
		{603ACC30-7EE5-41BD-B53C-555060B49804}.Release|x64.Build.0 = Release|x64
		{13F6230A-C408-42B6-9F5E-55E44CFA754D}.Debug|x64.ActiveCfg = Debug|x64
		{13F6230A-C408-42B6-9F5E-55E44CFA754D}.Debug|x64.Build.0 = Debug|x64
		{13F6230A-C408-42B6-9F5E-55E44CFA754D}.Release|x64.ActiveCfg = Release|x64
		{13F6230A-C408-42B6-9F5E-55E44CFA754D}.Release|x64.Build.0 = Release|x64
		{66884295-0814-45D5-8187-0FF01A6C0333}.Debug|x64.ActiveCfg = Debug|x64
		{66884295-0814-45D5-8187-0FF01A6C0333}.Debug|x64.Build.0 = Debug|x64
		{66884295-0814-45D5-8187-0FF01A6C0333}.Release|x64.ActiveCfg = Release|x64
		{66884295-0814-45D5-8187-0FF01A6C0333}.Release|x64.Build.0 = Release|x64
		{766B8754-81EE-4880-91CE-5DEAF459205F}.Debug|x64.ActiveCfg = Debug|x64
		{766B8754-81EE-4880-91CE-5DEAF459205F}.Debug|x64.Build.0 = Debug|x64
		{766B8754-81EE-4880-91CE-5DEAF459205F}.Release|x64.ActiveCfg = Release|x64
		{766B8754-81EE-4880-91CE-5DEAF459205F}.Release|x64.Build.0 = Release|x64
		{383FD59A-3CD9-4ECC-9395-6EE453A114FA}.Debug|x64.ActiveCfg = Debug|x64
		{383FD59A-3CD9-4ECC-9395-6EE453A114FA}.Debug|x64.Build.0 = Debug|x64
		{383FD59A-3CD9-4ECC-9395-6EE453A114FA}.Release|x64.ActiveCfg = Release|x64
		{383FD59A-3CD9-4ECC-9395-6EE453A114FA}.Release|x64.Build.0 = Release|x64
		{6A23A729-4708-4E3E-AFF1-AFBC5B0CA206}.Debug|x64.ActiveCfg = Debug|x64
		{6A23A729-4708-4E3E-AFF1-AFBC5B0CA206}.Debug|x64.Build.0 = Debug|x64
		{6A23A729-4708-4E3E-AFF1-AFBC5B0CA206}.Release|x64.ActiveCfg = Release|x64
		{6A23A729-4708-4E3E-AFF1-AFBC5B0CA206}.Release|x64.Build.0 = Release|x64
		{CF7689D6-2341-43F3-89C0-EB59791675AB}.Debug|x64.ActiveCfg = Debug|x64
		{CF7689D6-2341-43F3-89C0-EB59791675AB}.Debug|x64.Build.0 = Debug|x64
		{CF7689D6-2341-43F3-89C0-EB59791675AB}.Release|x64.ActiveCfg = Release|x64
		{CF7689D6-2341-43F3-89C0-EB59791675AB}.Release|x64.Build.0 = Release|x64
		{3C7E2D15-F723-4C73-AF12-C87A066522EE}.Debug|x64.ActiveCfg = Debug|x64
		{3C7E2D15-F723-4C73-AF12-C87A066522EE}.Debug|x64.Build.0 = Debug|x64
		{3C7E2D15-F723-4C73-AF12-C87A066522EE}.Release|x64.ActiveCfg = Release|x64
		{3C7E2D15-F723-4C73-AF12-C87A066522EE}.Release|x64.Build.0 = Release|x64
	EndGlobalSection
	GlobalSection(SolutionProperties) = preSolution
		HideSolutionNode = FALSE
	EndGlobalSection
	GlobalSection(ExtensibilityGlobals) = postSolution
		SolutionGuid = {C5D69350-5EF8-4BE4-8063-4AC841D9C1B9}
	EndGlobalSection
EndGlobal
