
Microsoft Visual Studio Solution File, Format Version 12.00
# Visual Studio 15
VisualStudioVersion = 15.0.27130.2003
MinimumVisualStudioVersion = 10.0.40219.1
Project("{8BC9CEB8-8B4A-11D0-8D11-00A0C91BC942}") = "bb_build_linux", "bb_build_linux.vcxproj", "{13BFF978-7782-4379-B613-DBB91E2FC55D}"
	ProjectSection(ProjectDependencies) = postProject
		{6A23A729-4708-4E3E-AFF1-AFBC5B0CA206} = {6A23A729-4708-4E3E-AFF1-AFBC5B0CA206}
		{383FD59A-3CD9-4ECC-9395-6EE453A114FA} = {383FD59A-3CD9-4ECC-9395-6EE453A114FA}
		{766B8754-81EE-4880-91CE-5DEAF459205F} = {766B8754-81EE-4880-91CE-5DEAF459205F}
	EndProjectSection
EndProject
Project("{8BC9CEB8-8B4A-11D0-8D11-00A0C91BC942}") = "mc_common_preproc", "..\..\mc_common\vs\mc_common_preproc.vcxproj", "{766B8754-81EE-4880-91CE-5DEAF459205F}"
	ProjectSection(ProjectDependencies) = postProject
		{383FD59A-3CD9-4ECC-9395-6EE453A114FA} = {383FD59A-3CD9-4ECC-9395-6EE453A114FA}
	EndProjectSection
EndProject
Project("{8BC9CEB8-8B4A-11D0-8D11-00A0C91BC942}") = "bbclient_lib", "..\..\bbclient\vs\bbclient_lib.vcxproj", "{383FD59A-3CD9-4ECC-9395-6EE453A114FA}"
EndProject
Project("{8BC9CEB8-8B4A-11D0-8D11-00A0C91BC942}") = "mc_common_lib", "..\..\mc_common\vs\mc_common_lib.vcxproj", "{6A23A729-4708-4E3E-AFF1-AFBC5B0CA206}"
	ProjectSection(ProjectDependencies) = postProject
		{383FD59A-3CD9-4ECC-9395-6EE453A114FA} = {383FD59A-3CD9-4ECC-9395-6EE453A114FA}
	EndProjectSection
EndProject
Global
	GlobalSection(SolutionConfigurationPlatforms) = preSolution
		Debug|x64 = Debug|x64
		Release|x64 = Release|x64
	EndGlobalSection
	GlobalSection(ProjectConfigurationPlatforms) = postSolution
		{13BFF978-7782-4379-B613-DBB91E2FC55D}.Debug|x64.ActiveCfg = Debug|x64
		{13BFF978-7782-4379-B613-DBB91E2FC55D}.Debug|x64.Build.0 = Debug|x64
		{13BFF978-7782-4379-B613-DBB91E2FC55D}.Release|x64.ActiveCfg = Release|x64
		{13BFF978-7782-4379-B613-DBB91E2FC55D}.Release|x64.Build.0 = Release|x64
		{66884295-0814-45D5-8187-0FF01A6C0333}.Debug|x64.ActiveCfg = Debug|x64
		{766B8754-81EE-4880-91CE-5DEAF459205F}.Debug|x64.ActiveCfg = Debug|x64
		{766B8754-81EE-4880-91CE-5DEAF459205F}.Debug|x64.Build.0 = Debug|x64
		{766B8754-81EE-4880-91CE-5DEAF459205F}.Release|x64.ActiveCfg = Release|x64
		{766B8754-81EE-4880-91CE-5DEAF459205F}.Release|x64.Build.0 = Release|x64
		{383FD59A-3CD9-4ECC-9395-6EE453A114FA}.Debug|x64.ActiveCfg = Debug|x64
		{383FD59A-3CD9-4ECC-9395-6EE453A114FA}.Debug|x64.Build.0 = Debug|x64
		{383FD59A-3CD9-4ECC-9395-6EE453A114FA}.Release|x64.ActiveCfg = Release|x64
		{383FD59A-3CD9-4ECC-9395-6EE453A114FA}.Release|x64.Build.0 = Release|x64
		{6A23A729-4708-4E3E-AFF1-AFBC5B0CA206}.Debug|x64.ActiveCfg = Debug|x64
		{6A23A729-4708-4E3E-AFF1-AFBC5B0CA206}.Debug|x64.Build.0 = Debug|x64
		{6A23A729-4708-4E3E-AFF1-AFBC5B0CA206}.Release|x64.ActiveCfg = Release|x64
		{6A23A729-4708-4E3E-AFF1-AFBC5B0CA206}.Release|x64.Build.0 = Release|x64
	EndGlobalSection
	GlobalSection(SolutionProperties) = preSolution
		HideSolutionNode = FALSE
	EndGlobalSection
	GlobalSection(ExtensibilityGlobals) = postSolution
		SolutionGuid = {C5D69350-5EF8-4BE4-8063-4AC841D9C1B9}
	EndGlobalSection
EndGlobal
